
Microsoft Visual Studio Solution File, Format Version 12.00
# Visual Studio Version 16
VisualStudioVersion = 16.0.33423.256
MinimumVisualStudioVersion = 10.0.40219.1
Project("{FAE04EC0-301F-11D3-BF4B-00C04F79EFBC}") = "Test2", "Test2\Test2.csproj", "{F9E213E8-1B30-4F73-A42E-BB92D39A4CF7}"
EndProject
Project("{FAE04EC0-301F-11D3-BF4B-00C04F79EFBC}") = "Test3", "Test3\Test3.csproj", "{DF91283B-69D8-4C35-98E4-56E5393471FF}"
EndProject
Project("{FAE04EC0-301F-11D3-BF4B-00C04F79EFBC}") = "kor.unittest", "kor.unittest\kor.unittest.csproj", "{0BCB0AD1-CADF-4E5B-91AD-174067E3FD4A}"
EndProject
Project("{FAE04EC0-301F-11D3-BF4B-00C04F79EFBC}") = "negyszog", "negyszog\negyszog.csproj", "{7106306A-8707-40C5-BE66-833051DAB9E8}"
EndProject
Project("{FAE04EC0-301F-11D3-BF4B-00C04F79EFBC}") = "negyszog.unittest", "negyszog.unittest\negyszog.unittest.csproj", "{F9C26FD1-10CF-474F-B945-93926F8F6E44}"
EndProject
Global
	GlobalSection(SolutionConfigurationPlatforms) = preSolution
		Debug|Any CPU = Debug|Any CPU
		Release|Any CPU = Release|Any CPU
	EndGlobalSection
	GlobalSection(ProjectConfigurationPlatforms) = postSolution
		{F9E213E8-1B30-4F73-A42E-BB92D39A4CF7}.Debug|Any CPU.ActiveCfg = Debug|Any CPU
		{F9E213E8-1B30-4F73-A42E-BB92D39A4CF7}.Debug|Any CPU.Build.0 = Debug|Any CPU
		{F9E213E8-1B30-4F73-A42E-BB92D39A4CF7}.Release|Any CPU.ActiveCfg = Release|Any CPU
		{F9E213E8-1B30-4F73-A42E-BB92D39A4CF7}.Release|Any CPU.Build.0 = Release|Any CPU
		{DF91283B-69D8-4C35-98E4-56E5393471FF}.Debug|Any CPU.ActiveCfg = Debug|Any CPU
		{DF91283B-69D8-4C35-98E4-56E5393471FF}.Debug|Any CPU.Build.0 = Debug|Any CPU
		{DF91283B-69D8-4C35-98E4-56E5393471FF}.Release|Any CPU.ActiveCfg = Release|Any CPU
		{DF91283B-69D8-4C35-98E4-56E5393471FF}.Release|Any CPU.Build.0 = Release|Any CPU
		{0BCB0AD1-CADF-4E5B-91AD-174067E3FD4A}.Debug|Any CPU.ActiveCfg = Debug|Any CPU
		{0BCB0AD1-CADF-4E5B-91AD-174067E3FD4A}.Debug|Any CPU.Build.0 = Debug|Any CPU
		{0BCB0AD1-CADF-4E5B-91AD-174067E3FD4A}.Release|Any CPU.ActiveCfg = Release|Any CPU
		{0BCB0AD1-CADF-4E5B-91AD-174067E3FD4A}.Release|Any CPU.Build.0 = Release|Any CPU
		{7106306A-8707-40C5-BE66-833051DAB9E8}.Debug|Any CPU.ActiveCfg = Debug|Any CPU
		{7106306A-8707-40C5-BE66-833051DAB9E8}.Debug|Any CPU.Build.0 = Debug|Any CPU
		{7106306A-8707-40C5-BE66-833051DAB9E8}.Release|Any CPU.ActiveCfg = Release|Any CPU
		{7106306A-8707-40C5-BE66-833051DAB9E8}.Release|Any CPU.Build.0 = Release|Any CPU
		{F9C26FD1-10CF-474F-B945-93926F8F6E44}.Debug|Any CPU.ActiveCfg = Debug|Any CPU
		{F9C26FD1-10CF-474F-B945-93926F8F6E44}.Debug|Any CPU.Build.0 = Debug|Any CPU
		{F9C26FD1-10CF-474F-B945-93926F8F6E44}.Release|Any CPU.ActiveCfg = Release|Any CPU
		{F9C26FD1-10CF-474F-B945-93926F8F6E44}.Release|Any CPU.Build.0 = Release|Any CPU
	EndGlobalSection
	GlobalSection(SolutionProperties) = preSolution
		HideSolutionNode = FALSE
	EndGlobalSection
	GlobalSection(ExtensibilityGlobals) = postSolution
		SolutionGuid = {BEDD09C3-ECB5-440C-A71A-F319E05C4C7C}
	EndGlobalSection
EndGlobal
